Microsoft Visual Studio Solution File, Format Version 12.00
# Visual Studio Version 17
VisualStudioVersion = 17.5.2.0
MinimumVisualStudioVersion = 10.0.40219.1
Project("{FAE04EC0-301F-11D3-BF4B-00C04F79EFBC}") = "Visual.myProject", "Visual.myProject.csproj", "{22C62938-449C-C2BB-73F0-6883F0AC02EC}"
EndProject
Global
	GlobalSection(SolutionConfigurationPlatforms) = preSolution
		Debug|Any CPU = Debug|Any CPU
		Release|Any CPU = Release|Any CPU
	EndGlobalSection
	GlobalSection(ProjectConfigurationPlatforms) = postSolution
		{22C62938-449C-C2BB-73F0-6883F0AC02EC}.Debug|Any CPU.ActiveCfg = Debug|Any CPU
		{22C62938-449C-C2BB-73F0-6883F0AC02EC}.Debug|Any CPU.Build.0 = Debug|Any CPU
		{22C62938-449C-C2BB-73F0-6883F0AC02EC}.Release|Any CPU.ActiveCfg = Release|Any CPU
		{22C62938-449C-C2BB-73F0-6883F0AC02EC}.Release|Any CPU.Build.0 = Release|Any CPU
	EndGlobalSection
	GlobalSection(SolutionProperties) = preSolution
		HideSolutionNode = FALSE
	EndGlobalSection
	GlobalSection(ExtensibilityGlobals) = postSolution
		SolutionGuid = {FB69825F-4C3E-43A0-9C29-6D245B821667}
	EndGlobalSection
EndGlobal
